<?xml version="1.0" encoding="utf-8"?>
<Project ToolsVersion="4.0" xmlns="http://schemas.microsoft.com/developer/msbuild/2003">
  <ItemGroup>
    <Filter Include="File di origine">
      <UniqueIdentifier>{4FC737F1-C7A5-4376-A066-2A32D752A2FF}</UniqueIdentifier>
      <Extensions>cpp;c;cc;cxx;c++;cppm;ixx;def;odl;idl;hpj;bat;asm;asmx</Extensions>
    </Filter>
    <Filter Include="File di intestazione">
      <UniqueIdentifier>{93995380-89BD-4b04-88EB-625FBE52EBFB}</UniqueIdentifier>
      <Extensions>h;hh;hpp;hxx;h++;hm;inl;inc;ipp;xsd</Extensions>
    </Filter>
    <Filter Include="File di risorse">
      <UniqueIdentifier>{67DA6AB6-F800-4c08-8B7A-83BB121AAD01}</UniqueIdentifier>
      <Extensions>rc;ico;cur;bmp;dlg;rc2;rct;bin;rgs;gif;jpg;jpeg;jpe;resx;tiff;tif;png;wav;mfcribbon-ms</Extensions>
    </Filter>
  </ItemGroup>
  <ItemGroup>
    <ClCompile Include="glad.c">
      <Filter>File di origine</Filter>
    </ClCompile>
    <ClCompile Include="main.cpp">
      <Filter>File di origine</Filter>
    </ClCompile>
    <ClCompile Include="stb.cpp">
      <Filter>File di origine</Filter>
    </ClCompile>
    <ClCompile Include="APIs\Helpers\FileReader.cpp">
      <Filter>File di origine</Filter>
    </ClCompile>
    <ClCompile Include="APIs\OpenGL\OpenGL4Api.cpp">
      <Filter>File di origine</Filter>
    </ClCompile>
    <ClCompile Include="APIs\IGPUApi.cpp">
      <Filter>File di origine</Filter>
    </ClCompile>
    <ClCompile Include="APIs\OpenGL\Camera.cpp">
      <Filter>File di origine</Filter>
    </ClCompile>
    <ClCompile Include="APIs\OpenGL\FileLoader.cpp">
      <Filter>File di origine</Filter>
    </ClCompile>
    <ClCompile Include="APIs\OpenGL\Mesh.cpp">
      <Filter>File di origine</Filter>
    </ClCompile>
    <ClCompile Include="APIs\OpenGL\Pipeline.cpp">
      <Filter>File di origine</Filter>
    </ClCompile>
    <ClCompile Include="APIs\OpenGL\Scene.cpp">
      <Filter>File di origine</Filter>
    </ClCompile>
    <ClCompile Include="APIs\OpenGL\Texture.cpp">
      <Filter>File di origine</Filter>
    </ClCompile>
    <ClCompile Include="APIs\OpenGL\Time.cpp">
      <Filter>File di origine</Filter>
    </ClCompile>
    <ClCompile Include="APIs\OpenGL\Window.cpp">
      <Filter>File di origine</Filter>
    </ClCompile>
    <ClCompile Include="APIs\OpenGL\GameObject.cpp">
      <Filter>File di origine</Filter>
    </ClCompile>
    <ClCompile Include="APIs\OpenGL\Material.cpp">
      <Filter>File di origine</Filter>
    </ClCompile>
    <ClCompile Include="APIs\OpenGL\Shader.cpp">
      <Filter>File di origine</Filter>
    </ClCompile>
    <ClCompile Include="APIs\Helpers\SerializedDataRetriever.cpp">
      <Filter>File di origine</Filter>
    </ClCompile>
    <ClCompile Include="APIs\Helpers\FileWriter.cpp">
      <Filter>File di origine</Filter>
    </ClCompile>
    <ClCompile Include="APIs\Transform.cpp">
      <Filter>File di origine</Filter>
    </ClCompile>
    <ClCompile Include="APIs\OpenGL\Renderer.cpp">
      <Filter>File di origine</Filter>
    </ClCompile>
    <ClCompile Include="APIs\Helpers\AssetWrapper.cpp">
      <Filter>File di origine</Filter>
    </ClCompile>
    <ClCompile Include="APIs\Helpers\AssetsLoader.cpp">
      <Filter>File di origine</Filter>
    </ClCompile>
    <ClCompile Include="APIs\OpenGL\AppController.cpp">
      <Filter>File di origine</Filter>
    </ClCompile>
    <ClCompile Include="APIs\GreenCowEngine.cpp">
      <Filter>File di origine</Filter>
    </ClCompile>
  </ItemGroup>
  <ItemGroup>
    <ClInclude Include="Libraries\include\glad\glad.h">
      <Filter>File di intestazione</Filter>
    </ClInclude>
    <ClInclude Include="Libraries\include\GLFW\glfw3.h">
      <Filter>File di intestazione</Filter>
    </ClInclude>
    <ClInclude Include="Libraries\include\GLFW\glfw3native.h">
      <Filter>File di intestazione</Filter>
    </ClInclude>
    <ClInclude Include="Libraries\include\KHR\khrplatform.h">
      <Filter>File di intestazione</Filter>
    </ClInclude>
    <ClInclude Include="APIs\Helpers\FileReader.h">
      <Filter>File di intestazione</Filter>
    </ClInclude>
    <ClInclude Include="APIs\OpenGL\OpenGL4Api.h">
      <Filter>File di intestazione</Filter>
    </ClInclude>
    <ClInclude Include="APIs\GreenCowEngine.h">
      <Filter>File di intestazione</Filter>
    </ClInclude>
    <ClInclude Include="APIs\IGPUApi.h">
      <Filter>File di intestazione</Filter>
    </ClInclude>
    <ClInclude Include="APIs\OpenGL\Camera.h">
      <Filter>File di intestazione</Filter>
    </ClInclude>
    <ClInclude Include="APIs\OpenGL\FileLoader.h">
      <Filter>File di intestazione</Filter>
    </ClInclude>
    <ClInclude Include="APIs\OpenGL\Mesh.h">
      <Filter>File di intestazione</Filter>
    </ClInclude>
    <ClInclude Include="APIs\OpenGL\Pipeline.h">
      <Filter>File di intestazione</Filter>
    </ClInclude>
    <ClInclude Include="APIs\OpenGL\Scene.h">
      <Filter>File di intestazione</Filter>
    </ClInclude>
    <ClInclude Include="APIs\OpenGL\Texture.h">
      <Filter>File di intestazione</Filter>
    </ClInclude>
    <ClInclude Include="APIs\OpenGL\Time.h">
      <Filter>File di intestazione</Filter>
    </ClInclude>
    <ClInclude Include="APIs\OpenGL\Window.h">
      <Filter>File di intestazione</Filter>
    </ClInclude>
    <ClInclude Include="APIs\OpenGL\GameObject.h">
      <Filter>File di intestazione</Filter>
    </ClInclude>
    <ClInclude Include="APIs\OpenGL\Material.h">
      <Filter>File di intestazione</Filter>
    </ClInclude>
    <ClInclude Include="APIs\OpenGL\Shader.h">
      <Filter>File di intestazione</Filter>
    </ClInclude>
    <ClInclude Include="APIs\Helpers\SerializedDataRetriever.h">
      <Filter>File di intestazione</Filter>
    </ClInclude>
    <ClInclude Include="APIs\Helpers\FileWriter.h">
      <Filter>File di intestazione</Filter>
    </ClInclude>
    <ClInclude Include="APIs\Transform.h">
      <Filter>File di intestazione</Filter>
    </ClInclude>
    <ClInclude Include="APIs\OpenGL\Renderer.h">
      <Filter>File di intestazione</Filter>
    </ClInclude>
    <ClInclude Include="APIs\Helpers\AssetWrapper.h">
      <Filter>File di intestazione</Filter>
    </ClInclude>
    <ClInclude Include="APIs\Helpers\AssetsLoader.h">
      <Filter>File di intestazione</Filter>
    </ClInclude>
    <ClInclude Include="APIs\OpenGL\AppController.h">
      <Filter>File di intestazione</Filter>
    </ClInclude>
  </ItemGroup>
  <ItemGroup>
    <Library Include="Libraries\lib\glfw3.lib" />
  </ItemGroup>
  <ItemGroup>
    <None Include="Assets\Scenes\Scene001.scene" />
    <None Include="Assets\Shaders\Mesh.frag" />
    <None Include="Assets\Shaders\Mesh.vert" />
    <None Include="Assets\Shaders\Textured.frag" />
  </ItemGroup>
  <ItemGroup>
    <Image Include="Assets\Textures\cow_texture.jpg">
      <Filter>File di risorse</Filter>
    </Image>
    <Image Include="Assets\Textures\ground.jpg">
      <Filter>File di risorse</Filter>
    </Image>
    <Image Include="Assets\Textures\difuso_flip_oscuro.jpg">
      <Filter>File di risorse</Filter>
    </Image>
  </ItemGroup>
  <ItemGroup>
    <Text Include="Assets\Globals\BootSettings.txt" />
    <Text Include="Assets\Globals\Serialized\ShaderPrograms.csv" />
  </ItemGroup>
</Project>