<?xml version="1.0" encoding="utf-8"?>
<Project ToolsVersion="4.0" xmlns="http://schemas.microsoft.com/developer/msbuild/2003">
  <ItemGroup>
    <Filter Include="File di origine">
      <UniqueIdentifier>{4FC737F1-C7A5-4376-A066-2A32D752A2FF}</UniqueIdentifier>
      <Extensions>cpp;c;cc;cxx;c++;cppm;ixx;def;odl;idl;hpj;bat;asm;asmx</Extensions>
    </Filter>
    <Filter Include="File di intestazione">
      <UniqueIdentifier>{93995380-89BD-4b04-88EB-625FBE52EBFB}</UniqueIdentifier>
      <Extensions>h;hh;hpp;hxx;h++;hm;inl;inc;ipp;xsd</Extensions>
    </Filter>
    <Filter Include="File di risorse">
      <UniqueIdentifier>{67DA6AB6-F800-4c08-8B7A-83BB121AAD01}</UniqueIdentifier>
      <Extensions>rc;ico;cur;bmp;dlg;rc2;rct;bin;rgs;gif;jpg;jpeg;jpe;resx;tiff;tif;png;wav;mfcribbon-ms</Extensions>
    </Filter>
  </ItemGroup>
  <ItemGroup>
    <ClCompile Include="glad.c">
      <Filter>File di origine</Filter>
    </ClCompile>
    <ClCompile Include="main.cpp">
      <Filter>File di origine</Filter>
    </ClCompile>
    <ClCompile Include="stb.cpp">
      <Filter>File di origine</Filter>
    </ClCompile>
    <ClCompile Include="APIs\Helpers\FileReader.cpp">
      <Filter>File di origine</Filter>
    </ClCompile>
    <ClCompile Include="APIs\OpenGL\OpenGL4Api.cpp">
      <Filter>File di origine</Filter>
    </ClCompile>
    <ClCompile Include="APIs\IGPUApi.cpp">
      <Filter>File di origine</Filter>
    </ClCompile>
    <ClCompile Include="APIs\OpenGL\OpenGL4Camera.cpp">
      <Filter>File di origine</Filter>
    </ClCompile>
    <ClCompile Include="APIs\OpenGL\OpenGL4FileLoader.cpp">
      <Filter>File di origine</Filter>
    </ClCompile>
    <ClCompile Include="APIs\OpenGL\OpenGL4Mesh.cpp">
      <Filter>File di origine</Filter>
    </ClCompile>
    <ClCompile Include="APIs\OpenGL\OpenGL4Pipeline.cpp">
      <Filter>File di origine</Filter>
    </ClCompile>
    <ClCompile Include="APIs\OpenGL\OpenGL4Scene.cpp">
      <Filter>File di origine</Filter>
    </ClCompile>
    <ClCompile Include="APIs\OpenGL\OpenGL4Texture.cpp">
      <Filter>File di origine</Filter>
    </ClCompile>
    <ClCompile Include="APIs\OpenGL\OpenGL4Time.cpp">
      <Filter>File di origine</Filter>
    </ClCompile>
    <ClCompile Include="APIs\OpenGL\OpenGL4Window.cpp">
      <Filter>File di origine</Filter>
    </ClCompile>
  </ItemGroup>
  <ItemGroup>
    <ClInclude Include="Libraries\include\glad\glad.h">
      <Filter>File di intestazione</Filter>
    </ClInclude>
    <ClInclude Include="Libraries\include\GLFW\glfw3.h">
      <Filter>File di intestazione</Filter>
    </ClInclude>
    <ClInclude Include="Libraries\include\GLFW\glfw3native.h">
      <Filter>File di intestazione</Filter>
    </ClInclude>
    <ClInclude Include="Libraries\include\KHR\khrplatform.h">
      <Filter>File di intestazione</Filter>
    </ClInclude>
    <ClInclude Include="APIs\Helpers\FileReader.h">
      <Filter>File di intestazione</Filter>
    </ClInclude>
    <ClInclude Include="APIs\OpenGL\OpenGL4Api.h">
      <Filter>File di intestazione</Filter>
    </ClInclude>
    <ClInclude Include="APIs\OpenGL\OpenGL4Camera.h">
      <Filter>File di intestazione</Filter>
    </ClInclude>
    <ClInclude Include="APIs\OpenGL\OpenGL4FileLoader.h">
      <Filter>File di intestazione</Filter>
    </ClInclude>
    <ClInclude Include="APIs\OpenGL\OpenGL4Mesh.h">
      <Filter>File di intestazione</Filter>
    </ClInclude>
    <ClInclude Include="APIs\OpenGL\OpenGL4Pipeline.h">
      <Filter>File di intestazione</Filter>
    </ClInclude>
    <ClInclude Include="APIs\OpenGL\OpenGL4Scene.h">
      <Filter>File di intestazione</Filter>
    </ClInclude>
    <ClInclude Include="APIs\OpenGL\OpenGL4Texture.h">
      <Filter>File di intestazione</Filter>
    </ClInclude>
    <ClInclude Include="APIs\OpenGL\OpenGL4Time.h">
      <Filter>File di intestazione</Filter>
    </ClInclude>
    <ClInclude Include="APIs\OpenGL\OpenGL4Window.h">
      <Filter>File di intestazione</Filter>
    </ClInclude>
    <ClInclude Include="APIs\GreenCowEngine.h">
      <Filter>File di intestazione</Filter>
    </ClInclude>
    <ClInclude Include="APIs\IGPUApi.h">
      <Filter>File di intestazione</Filter>
    </ClInclude>
  </ItemGroup>
  <ItemGroup>
    <Library Include="Libraries\lib\glfw3.lib" />
  </ItemGroup>
</Project>